<Solution>
  <Folder Name="/src/" />
  <Folder Name="/src/Core/">
    <Project Path="src/Core/StarGen.Core.csproj" />
  </Folder>
  <Folder Name="/src/Inspector/">
    <Project Path="src/Inspector/StarGen.Inspector.csproj" />
  </Folder>
  <Folder Name="/tests/" />
  <Folder Name="/tests/Core.Tests/">
    <Project Path="tests/Core.Tests/StarGen.Core.Tests.csproj" />
  </Folder>
</Solution>
